{
  "projects": [
    {
      "projectId": "9Vr5YWkf3w7jj6SsTcCEta",
      "version": "0.9.0",
      "dependencies": {},
      "lang": "ts",
      "fileLocks": [
        {
          "assetId": "9Vr5YWkf3w7jj6SsTcCEta",
          "type": "projectCss",
          "checksum": "e1ec850476829c38b0f9b6d4f7ac446a"
        }
      ],
      "codegenVersion": "0.0.1"
    },
    {
      "projectId": "jkU633o1Cz7HrJdwdxhVHk",
      "version": "16.9.0",
      "dependencies": {},
      "lang": "ts",
      "fileLocks": [
        {
          "assetId": "jkU633o1Cz7HrJdwdxhVHk",
          "type": "projectCss",
          "checksum": "0581d4378bb1604bb5fe3f65bb0a37de"
        }
      ],
      "codegenVersion": "0.0.1"
    },
    {
      "projectId": "ohDidvG9XsCeFumugENU3J",
      "version": "6.23.0",
      "dependencies": {},
      "lang": "ts",
      "fileLocks": [
        {
          "assetId": "ohDidvG9XsCeFumugENU3J",
          "type": "projectCss",
          "checksum": "fd83b730367fdbde2c69bc6cf31c2a3c"
        },
        {
          "assetId": "ohDidvG9XsCeFumugENU3J",
          "checksum": "de0a0e65174a6a185a8f822af51c6bdd",
          "type": "globalContexts"
        }
      ],
      "codegenVersion": "0.0.1"
    },
    {
      "projectId": "5nPYJMkHKsudqrrya3SLGq",
      "version": "latest",
      "dependencies": {
        "ohDidvG9XsCeFumugENU3J": "6.23.0",
        "jkU633o1Cz7HrJdwdxhVHk": "16.9.0",
        "9Vr5YWkf3w7jj6SsTcCEta": "0.9.0"
      },
      "lang": "ts",
      "fileLocks": [
        {
          "type": "globalVariant",
          "assetId": "lBtF-LRzof4R",
          "checksum": "8e543b246cf14eeff890fa6413d5afb3"
        },
        {
          "assetId": "5nPYJMkHKsudqrrya3SLGq",
          "checksum": "d765ca36b2ab2a6e27ba808c7415076b",
          "type": "globalContexts"
        },
        {
          "type": "renderModule",
          "assetId": "Inphc4Lb7s0U",
          "checksum": "9a0f01f085d185ecf793b696f97c7b7d"
        },
        {
          "type": "cssRules",
          "assetId": "Inphc4Lb7s0U",
          "checksum": "9a0f01f085d185ecf793b696f97c7b7d"
        },
        {
          "type": "renderModule",
          "assetId": "atLpM5cDTC7p",
          "checksum": "91f26ba208988cc081176a3ec672ee96"
        },
        {
          "type": "cssRules",
          "assetId": "atLpM5cDTC7p",
          "checksum": "91f26ba208988cc081176a3ec672ee96"
        },
        {
          "type": "renderModule",
          "assetId": "dV7kERlv_9b4",
          "checksum": "1c6ecf5a78b5b51cbf8b2abec131ab62"
        },
        {
          "type": "cssRules",
          "assetId": "dV7kERlv_9b4",
          "checksum": "1c6ecf5a78b5b51cbf8b2abec131ab62"
        },
        {
          "type": "renderModule",
          "assetId": "NxJEJ3yCzHgk",
          "checksum": "f5572479e81e076f2d16e26d39836ca2"
        },
        {
          "type": "cssRules",
          "assetId": "NxJEJ3yCzHgk",
          "checksum": "f5572479e81e076f2d16e26d39836ca2"
        },
        {
          "type": "renderModule",
          "assetId": "CzasRJTWtOrr",
          "checksum": "0dd262b1997b8e86b723b4c5f82231ce"
        },
        {
          "type": "cssRules",
          "assetId": "CzasRJTWtOrr",
          "checksum": "0dd262b1997b8e86b723b4c5f82231ce"
        },
        {
          "type": "renderModule",
          "assetId": "CIVsP_JANCLm",
          "checksum": "55af483686d237790f1d4c713f599c33"
        },
        {
          "type": "cssRules",
          "assetId": "CIVsP_JANCLm",
          "checksum": "55af483686d237790f1d4c713f599c33"
        },
        {
          "type": "icon",
          "assetId": "zqDsDkahnhrj",
          "checksum": "410d773f3c5b7c574ea1e507aada215e"
        },
        {
          "type": "icon",
          "assetId": "7wE_ApER1fJ9",
          "checksum": "797e6e79df5f5a99c7233ecc17b3707d"
        },
        {
          "assetId": "5nPYJMkHKsudqrrya3SLGq",
          "type": "projectCss",
          "checksum": "ea8bfe1bd01d9cb9a0feb0629c67ea2c"
        }
      ],
      "codegenVersion": "0.0.1"
    }
  ],
  "cliVersion": "0.1.330"
}
